
Microsoft Visual Studio Solution File, Format Version 12.00
# Visual Studio Version 16
VisualStudioVersion = 16.0.30804.86
MinimumVisualStudioVersion = 15.0.26124.0
Project("{2150E333-8FDC-42A3-9474-1A3956D46DE8}") = "Solution Items", "Solution Items", "{B061D096-CC99-4C49-B25E-C96915812527}"
	ProjectSection(SolutionItems) = preProject
		README.md = README.md
	EndProjectSection
EndProject
Project("{2150E333-8FDC-42A3-9474-1A3956D46DE8}") = "ReadMe", "ReadMe", "{B3148DAC-4B9B-420F-BC0B-B5B99E05EFAD}"
	ProjectSection(SolutionItems) = preProject
		ReadMe\produtos.JPG = ReadMe\produtos.JPG
		ReadMe\Swagger.JPG = ReadMe\Swagger.JPG
	EndProjectSection
EndProject
Project("{2150E333-8FDC-42A3-9474-1A3956D46DE8}") = "3 - Domain", "3 - Domain", "{78F92F98-555A-4040-8FC4-F17823249245}"
EndProject
Project("{2150E333-8FDC-42A3-9474-1A3956D46DE8}") = "1 - Application", "1 - Application", "{FEC4C362-7724-4026-BF6E-32B0BE8F2750}"
EndProject
Project("{2150E333-8FDC-42A3-9474-1A3956D46DE8}") = "2 - Service", "2 - Service", "{FA22AD64-F1E2-4CE9-8FFB-615B59434B56}"
EndProject
Project("{2150E333-8FDC-42A3-9474-1A3956D46DE8}") = "4 - Infra", "4 - Infra", "{6963E359-65EB-46F4-A1F8-67472769C98E}"
EndProject
Project("{2150E333-8FDC-42A3-9474-1A3956D46DE8}") = "4.1 - Data", "4.1 - Data", "{3BC266F8-8053-4C6B-A485-0EFF558B76DA}"
EndProject
Project("{2150E333-8FDC-42A3-9474-1A3956D46DE8}") = "4.2 - CrossCutting", "4.2 - CrossCutting", "{4F7196CB-3E19-4DEE-B26B-E5F95CC0C79D}"
EndProject
Project("{9A19103F-16F7-4668-BE54-9A1E7A4F7556}") = "CursoMVC-DDD.Domain", "CursoMVC-DDD.Domain\CursoMVC-DDD.Domain.csproj", "{A8B49C4B-896E-48F3-8B6C-C7EF2DBC8E64}"
EndProject
Project("{9A19103F-16F7-4668-BE54-9A1E7A4F7556}") = "CursoMVC-DDD.Infra.Data", "CursoMVC-DDD.Infra.Data\CursoMVC-DDD.Infra.Data.csproj", "{E1D3554D-CB8D-483A-AA85-05203C6E132F}"
EndProject
Project("{9A19103F-16F7-4668-BE54-9A1E7A4F7556}") = "CursoAPI", "CursoAPI\CursoAPI.csproj", "{35D59FD8-9BEA-4F99-9984-5FFBE38AF3B6}"
EndProject
Project("{9A19103F-16F7-4668-BE54-9A1E7A4F7556}") = "CursoMVC", "CursoMVC\CursoMVC.csproj", "{63FC6E6E-7077-4EE5-9EE2-9AD9D0E65332}"
EndProject
Project("{9A19103F-16F7-4668-BE54-9A1E7A4F7556}") = "CursoTest", "CursoTest\CursoTest.csproj", "{42FE676E-18D0-431C-AD21-442FE9E6A4F2}"
EndProject
Project("{FAE04EC0-301F-11D3-BF4B-00C04F79EFBC}") = "CursoMVC-DDD.Application", "CursoMVC-DDD.Application\CursoMVC-DDD.Application.csproj", "{02AB6467-0D3F-49C9-BA38-B4120A3DE797}"
EndProject
Global
	GlobalSection(SolutionConfigurationPlatforms) = preSolution
		Debug|Any CPU = Debug|Any CPU
		Debug|x64 = Debug|x64
		Debug|x86 = Debug|x86
		Release|Any CPU = Release|Any CPU
		Release|x64 = Release|x64
		Release|x86 = Release|x86
	EndGlobalSection
	GlobalSection(ProjectConfigurationPlatforms) = postSolution
		{A8B49C4B-896E-48F3-8B6C-C7EF2DBC8E64}.Debug|Any CPU.ActiveCfg = Debug|Any CPU
		{A8B49C4B-896E-48F3-8B6C-C7EF2DBC8E64}.Debug|Any CPU.Build.0 = Debug|Any CPU
		{A8B49C4B-896E-48F3-8B6C-C7EF2DBC8E64}.Debug|x64.ActiveCfg = Debug|Any CPU
		{A8B49C4B-896E-48F3-8B6C-C7EF2DBC8E64}.Debug|x64.Build.0 = Debug|Any CPU
		{A8B49C4B-896E-48F3-8B6C-C7EF2DBC8E64}.Debug|x86.ActiveCfg = Debug|Any CPU
		{A8B49C4B-896E-48F3-8B6C-C7EF2DBC8E64}.Debug|x86.Build.0 = Debug|Any CPU
		{A8B49C4B-896E-48F3-8B6C-C7EF2DBC8E64}.Release|Any CPU.ActiveCfg = Release|Any CPU
		{A8B49C4B-896E-48F3-8B6C-C7EF2DBC8E64}.Release|Any CPU.Build.0 = Release|Any CPU
		{A8B49C4B-896E-48F3-8B6C-C7EF2DBC8E64}.Release|x64.ActiveCfg = Release|Any CPU
		{A8B49C4B-896E-48F3-8B6C-C7EF2DBC8E64}.Release|x64.Build.0 = Release|Any CPU
		{A8B49C4B-896E-48F3-8B6C-C7EF2DBC8E64}.Release|x86.ActiveCfg = Release|Any CPU
		{A8B49C4B-896E-48F3-8B6C-C7EF2DBC8E64}.Release|x86.Build.0 = Release|Any CPU
		{E1D3554D-CB8D-483A-AA85-05203C6E132F}.Debug|Any CPU.ActiveCfg = Debug|Any CPU
		{E1D3554D-CB8D-483A-AA85-05203C6E132F}.Debug|Any CPU.Build.0 = Debug|Any CPU
		{E1D3554D-CB8D-483A-AA85-05203C6E132F}.Debug|x64.ActiveCfg = Debug|Any CPU
		{E1D3554D-CB8D-483A-AA85-05203C6E132F}.Debug|x64.Build.0 = Debug|Any CPU
		{E1D3554D-CB8D-483A-AA85-05203C6E132F}.Debug|x86.ActiveCfg = Debug|Any CPU
		{E1D3554D-CB8D-483A-AA85-05203C6E132F}.Debug|x86.Build.0 = Debug|Any CPU
		{E1D3554D-CB8D-483A-AA85-05203C6E132F}.Release|Any CPU.ActiveCfg = Release|Any CPU
		{E1D3554D-CB8D-483A-AA85-05203C6E132F}.Release|Any CPU.Build.0 = Release|Any CPU
		{E1D3554D-CB8D-483A-AA85-05203C6E132F}.Release|x64.ActiveCfg = Release|Any CPU
		{E1D3554D-CB8D-483A-AA85-05203C6E132F}.Release|x64.Build.0 = Release|Any CPU
		{E1D3554D-CB8D-483A-AA85-05203C6E132F}.Release|x86.ActiveCfg = Release|Any CPU
		{E1D3554D-CB8D-483A-AA85-05203C6E132F}.Release|x86.Build.0 = Release|Any CPU
		{35D59FD8-9BEA-4F99-9984-5FFBE38AF3B6}.Debug|Any CPU.ActiveCfg = Debug|Any CPU
		{35D59FD8-9BEA-4F99-9984-5FFBE38AF3B6}.Debug|Any CPU.Build.0 = Debug|Any CPU
		{35D59FD8-9BEA-4F99-9984-5FFBE38AF3B6}.Debug|x64.ActiveCfg = Debug|Any CPU
		{35D59FD8-9BEA-4F99-9984-5FFBE38AF3B6}.Debug|x64.Build.0 = Debug|Any CPU
		{35D59FD8-9BEA-4F99-9984-5FFBE38AF3B6}.Debug|x86.ActiveCfg = Debug|Any CPU
		{35D59FD8-9BEA-4F99-9984-5FFBE38AF3B6}.Debug|x86.Build.0 = Debug|Any CPU
		{35D59FD8-9BEA-4F99-9984-5FFBE38AF3B6}.Release|Any CPU.ActiveCfg = Release|Any CPU
		{35D59FD8-9BEA-4F99-9984-5FFBE38AF3B6}.Release|Any CPU.Build.0 = Release|Any CPU
		{35D59FD8-9BEA-4F99-9984-5FFBE38AF3B6}.Release|x64.ActiveCfg = Release|Any CPU
		{35D59FD8-9BEA-4F99-9984-5FFBE38AF3B6}.Release|x64.Build.0 = Release|Any CPU
		{35D59FD8-9BEA-4F99-9984-5FFBE38AF3B6}.Release|x86.ActiveCfg = Release|Any CPU
		{35D59FD8-9BEA-4F99-9984-5FFBE38AF3B6}.Release|x86.Build.0 = Release|Any CPU
		{63FC6E6E-7077-4EE5-9EE2-9AD9D0E65332}.Debug|Any CPU.ActiveCfg = Debug|Any CPU
		{63FC6E6E-7077-4EE5-9EE2-9AD9D0E65332}.Debug|Any CPU.Build.0 = Debug|Any CPU
		{63FC6E6E-7077-4EE5-9EE2-9AD9D0E65332}.Debug|x64.ActiveCfg = Debug|Any CPU
		{63FC6E6E-7077-4EE5-9EE2-9AD9D0E65332}.Debug|x64.Build.0 = Debug|Any CPU
		{63FC6E6E-7077-4EE5-9EE2-9AD9D0E65332}.Debug|x86.ActiveCfg = Debug|Any CPU
		{63FC6E6E-7077-4EE5-9EE2-9AD9D0E65332}.Debug|x86.Build.0 = Debug|Any CPU
		{63FC6E6E-7077-4EE5-9EE2-9AD9D0E65332}.Release|Any CPU.ActiveCfg = Release|Any CPU
		{63FC6E6E-7077-4EE5-9EE2-9AD9D0E65332}.Release|Any CPU.Build.0 = Release|Any CPU
		{63FC6E6E-7077-4EE5-9EE2-9AD9D0E65332}.Release|x64.ActiveCfg = Release|Any CPU
		{63FC6E6E-7077-4EE5-9EE2-9AD9D0E65332}.Release|x64.Build.0 = Release|Any CPU
		{63FC6E6E-7077-4EE5-9EE2-9AD9D0E65332}.Release|x86.ActiveCfg = Release|Any CPU
		{63FC6E6E-7077-4EE5-9EE2-9AD9D0E65332}.Release|x86.Build.0 = Release|Any CPU
		{42FE676E-18D0-431C-AD21-442FE9E6A4F2}.Debug|Any CPU.ActiveCfg = Debug|Any CPU
		{42FE676E-18D0-431C-AD21-442FE9E6A4F2}.Debug|Any CPU.Build.0 = Debug|Any CPU
		{42FE676E-18D0-431C-AD21-442FE9E6A4F2}.Debug|x64.ActiveCfg = Debug|Any CPU
		{42FE676E-18D0-431C-AD21-442FE9E6A4F2}.Debug|x64.Build.0 = Debug|Any CPU
		{42FE676E-18D0-431C-AD21-442FE9E6A4F2}.Debug|x86.ActiveCfg = Debug|Any CPU
		{42FE676E-18D0-431C-AD21-442FE9E6A4F2}.Debug|x86.Build.0 = Debug|Any CPU
		{42FE676E-18D0-431C-AD21-442FE9E6A4F2}.Release|Any CPU.ActiveCfg = Release|Any CPU
		{42FE676E-18D0-431C-AD21-442FE9E6A4F2}.Release|Any CPU.Build.0 = Release|Any CPU
		{42FE676E-18D0-431C-AD21-442FE9E6A4F2}.Release|x64.ActiveCfg = Release|Any CPU
		{42FE676E-18D0-431C-AD21-442FE9E6A4F2}.Release|x64.Build.0 = Release|Any CPU
		{42FE676E-18D0-431C-AD21-442FE9E6A4F2}.Release|x86.ActiveCfg = Release|Any CPU
		{42FE676E-18D0-431C-AD21-442FE9E6A4F2}.Release|x86.Build.0 = Release|Any CPU
		{02AB6467-0D3F-49C9-BA38-B4120A3DE797}.Debug|Any CPU.ActiveCfg = Debug|Any CPU
		{02AB6467-0D3F-49C9-BA38-B4120A3DE797}.Debug|Any CPU.Build.0 = Debug|Any CPU
		{02AB6467-0D3F-49C9-BA38-B4120A3DE797}.Debug|x64.ActiveCfg = Debug|Any CPU
		{02AB6467-0D3F-49C9-BA38-B4120A3DE797}.Debug|x64.Build.0 = Debug|Any CPU
		{02AB6467-0D3F-49C9-BA38-B4120A3DE797}.Debug|x86.ActiveCfg = Debug|Any CPU
		{02AB6467-0D3F-49C9-BA38-B4120A3DE797}.Debug|x86.Build.0 = Debug|Any CPU
		{02AB6467-0D3F-49C9-BA38-B4120A3DE797}.Release|Any CPU.ActiveCfg = Release|Any CPU
		{02AB6467-0D3F-49C9-BA38-B4120A3DE797}.Release|Any CPU.Build.0 = Release|Any CPU
		{02AB6467-0D3F-49C9-BA38-B4120A3DE797}.Release|x64.ActiveCfg = Release|Any CPU
		{02AB6467-0D3F-49C9-BA38-B4120A3DE797}.Release|x64.Build.0 = Release|Any CPU
		{02AB6467-0D3F-49C9-BA38-B4120A3DE797}.Release|x86.ActiveCfg = Release|Any CPU
		{02AB6467-0D3F-49C9-BA38-B4120A3DE797}.Release|x86.Build.0 = Release|Any CPU
	EndGlobalSection
	GlobalSection(SolutionProperties) = preSolution
		HideSolutionNode = FALSE
	EndGlobalSection
	GlobalSection(NestedProjects) = preSolution
		{B3148DAC-4B9B-420F-BC0B-B5B99E05EFAD} = {B061D096-CC99-4C49-B25E-C96915812527}
		{3BC266F8-8053-4C6B-A485-0EFF558B76DA} = {6963E359-65EB-46F4-A1F8-67472769C98E}
		{4F7196CB-3E19-4DEE-B26B-E5F95CC0C79D} = {6963E359-65EB-46F4-A1F8-67472769C98E}
		{A8B49C4B-896E-48F3-8B6C-C7EF2DBC8E64} = {78F92F98-555A-4040-8FC4-F17823249245}
		{E1D3554D-CB8D-483A-AA85-05203C6E132F} = {3BC266F8-8053-4C6B-A485-0EFF558B76DA}
		{02AB6467-0D3F-49C9-BA38-B4120A3DE797} = {FEC4C362-7724-4026-BF6E-32B0BE8F2750}
	EndGlobalSection
	GlobalSection(ExtensibilityGlobals) = postSolution
		SolutionGuid = {67B87A4E-4DB3-45A9-AFC9-47D8AE5AB74C}
	EndGlobalSection
EndGlobal
